// !$*UTF8*$!
{
	archiveVersion = 1;
	classes = {
	};
	objectVersion = 56;
	objects = {

/* Begin PBXBuildFile section */
		7F9A6A6D2D66CB8700261C09 /* AppDelegate.swift in Sources */ = {isa = PBXBuildFile; fileRef = 7F9A6A612D66CB8700261C09 /* AppDelegate.swift */; };
		7F9A6A6E2D66CB8700261C09 /* MyFoodList.xcdatamodeld in Sources */ = {isa = PBXBuildFile; fileRef = 7F9A6A682D66CB8700261C09 /* MyFoodList.xcdatamodeld */; };
		7F9A6A6F2D66CB8700261C09 /* SceneDelegate.swift in Sources */ = {isa = PBXBuildFile; fileRef = 7F9A6A692D66CB8700261C09 /* SceneDelegate.swift */; };
		7F9A6A702D66CB8700261C09 /* ViewController.swift in Sources */ = {isa = PBXBuildFile; fileRef = 7F9A6A6A2D66CB8700261C09 /* ViewController.swift */; };
		7F9A6A712D66CB8700261C09 /* Assets.xcassets in Resources */ = {isa = PBXBuildFile; fileRef = 7F9A6A622D66CB8700261C09 /* Assets.xcassets */; };
		7F9A6A732D66CB8700261C09 /* LaunchScreen.storyboard in Resources */ = {isa = PBXBuildFile; fileRef = 7F9A6A652D66CB8700261C09 /* LaunchScreen.storyboard */; };
		7F9A6A742D66CB8700261C09 /* Main.storyboard in Resources */ = {isa = PBXBuildFile; fileRef = 7F9A6A672D66CB8700261C09 /* Main.storyboard */; };
		7F9A6ABD2D66CD8400261C09 /* TextField+.swift in Sources */ = {isa = PBXBuildFile; fileRef = 7F9A6A9B2D66CD8400261C09 /* TextField+.swift */; };
		7F9A6ABE2D66CD8400261C09 /* MyText.swift in Sources */ = {isa = PBXBuildFile; fileRef = 7F9A6A902D66CD8400261C09 /* MyText.swift */; };
		7F9A6ABF2D66CD8400261C09 /* Font+.swift in Sources */ = {isa = PBXBuildFile; fileRef = 7F9A6A992D66CD8400261C09 /* Font+.swift */; };
		7F9A6AC02D66CD8400261C09 /* MyMessage.swift in Sources */ = {isa = PBXBuildFile; fileRef = 7F9A6A8C2D66CD8400261C09 /* MyMessage.swift */; };
		7F9A6AC12D66CD8400261C09 /* AppField.swift in Sources */ = {isa = PBXBuildFile; fileRef = 7F9A6AA82D66CD8400261C09 /* AppField.swift */; };
		7F9A6AC22D66CD8400261C09 /* MyLinkLabel.swift in Sources */ = {isa = PBXBuildFile; fileRef = 7F9A6A802D66CD8400261C09 /* MyLinkLabel.swift */; };
		7F9A6AC32D66CD8400261C09 /* LocalizedStringKey.swift in Sources */ = {isa = PBXBuildFile; fileRef = 7F9A6AB92D66CD8400261C09 /* LocalizedStringKey.swift */; };
		7F9A6AC42D66CD8400261C09 /* MyViewController.swift in Sources */ = {isa = PBXBuildFile; fileRef = 7F9A6A762D66CD8400261C09 /* MyViewController.swift */; };
		7F9A6AC52D66CD8400261C09 /* SignatureView.swift in Sources */ = {isa = PBXBuildFile; fileRef = 7F9A6AB12D66CD8400261C09 /* SignatureView.swift */; };
		7F9A6AC62D66CD8400261C09 /* MySymbol.swift in Sources */ = {isa = PBXBuildFile; fileRef = 7F9A6A842D66CD8400261C09 /* MySymbol.swift */; };
		7F9A6AC72D66CD8400261C09 /* ImageNameItem.swift in Sources */ = {isa = PBXBuildFile; fileRef = 7F9A6AB02D66CD8400261C09 /* ImageNameItem.swift */; };
		7F9A6AC82D66CD8400261C09 /* SwitchLanguage.swift in Sources */ = {isa = PBXBuildFile; fileRef = 7F9A6AB42D66CD8400261C09 /* SwitchLanguage.swift */; };
		7F9A6AC92D66CD8400261C09 /* MyLabel.swift in Sources */ = {isa = PBXBuildFile; fileRef = 7F9A6A7F2D66CD8400261C09 /* MyLabel.swift */; };
		7F9A6ACA2D66CD8400261C09 /* Image+.swift in Sources */ = {isa = PBXBuildFile; fileRef = 7F9A6A9A2D66CD8400261C09 /* Image+.swift */; };
		7F9A6ACB2D66CD8400261C09 /* SFSymbol.swift in Sources */ = {isa = PBXBuildFile; fileRef = 7F9A6A952D66CD8400261C09 /* SFSymbol.swift */; };
		7F9A6ACC2D66CD8400261C09 /* MySpacer.swift in Sources */ = {isa = PBXBuildFile; fileRef = 7F9A6A782D66CD8400261C09 /* MySpacer.swift */; };
		7F9A6ACD2D66CD8400261C09 /* URLCache+.swift in Sources */ = {isa = PBXBuildFile; fileRef = 7F9A6A9D2D66CD8400261C09 /* URLCache+.swift */; };
		7F9A6ACE2D66CD8400261C09 /* AppPassword.swift in Sources */ = {isa = PBXBuildFile; fileRef = 7F9A6AA92D66CD8400261C09 /* AppPassword.swift */; };
		7F9A6ACF2D66CD8400261C09 /* Color+.swift in Sources */ = {isa = PBXBuildFile; fileRef = 7F9A6A982D66CD8400261C09 /* Color+.swift */; };
		7F9A6AD02D66CD8400261C09 /* MyButton.swift in Sources */ = {isa = PBXBuildFile; fileRef = 7F9A6A862D66CD8400261C09 /* MyButton.swift */; };
		7F9A6AD12D66CD8400261C09 /* PackageButton.swift in Sources */ = {isa = PBXBuildFile; fileRef = 7F9A6AA62D66CD8400261C09 /* PackageButton.swift */; };
		7F9A6AD22D66CD8400261C09 /* URL+.swift in Sources */ = {isa = PBXBuildFile; fileRef = 7F9A6A9C2D66CD8400261C09 /* URL+.swift */; };
		7F9A6AD32D66CD8400261C09 /* MyView.swift in Sources */ = {isa = PBXBuildFile; fileRef = 7F9A6A772D66CD8400261C09 /* MyView.swift */; };
		7F9A6AD42D66CD8400261C09 /* MyPackageImage.swift in Sources */ = {isa = PBXBuildFile; fileRef = 7F9A6A7A2D66CD8400261C09 /* MyPackageImage.swift */; };
		7F9A6AD52D66CD8400261C09 /* APIUrl.swift in Sources */ = {isa = PBXBuildFile; fileRef = 7F9A6AA32D66CD8400261C09 /* APIUrl.swift */; };
		7F9A6AD62D66CD8400261C09 /* MyDivider.swift in Sources */ = {isa = PBXBuildFile; fileRef = 7F9A6A7B2D66CD8400261C09 /* MyDivider.swift */; };
		7F9A6AD72D66CD8400261C09 /* MyLoading.swift in Sources */ = {isa = PBXBuildFile; fileRef = 7F9A6A922D66CD8400261C09 /* MyLoading.swift */; };
		7F9A6AD82D66CD8400261C09 /* LanguageManager.swift in Sources */ = {isa = PBXBuildFile; fileRef = 7F9A6AB52D66CD8400261C09 /* LanguageManager.swift */; };
		7F9A6AD92D66CD8400261C09 /* WebViewURL.swift in Sources */ = {isa = PBXBuildFile; fileRef = 7F9A6AB72D66CD8400261C09 /* WebViewURL.swift */; };
		7F9A6ADA2D66CD8400261C09 /* MyPackageControl.swift in Sources */ = {isa = PBXBuildFile; fileRef = 7F9A6A7D2D66CD8400261C09 /* MyPackageControl.swift */; };
		7F9A6ADB2D66CD8400261C09 /* MyMessageDelegate.swift in Sources */ = {isa = PBXBuildFile; fileRef = 7F9A6A8D2D66CD8400261C09 /* MyMessageDelegate.swift */; };
		7F9A6ADC2D66CD8400261C09 /* MyDatePickerDelegate.swift in Sources */ = {isa = PBXBuildFile; fileRef = 7F9A6A8A2D66CD8400261C09 /* MyDatePickerDelegate.swift */; };
		7F9A6ADD2D66CD8400261C09 /* APIManager.swift in Sources */ = {isa = PBXBuildFile; fileRef = 7F9A6AA22D66CD8400261C09 /* APIManager.swift */; };
		7F9A6ADE2D66CD8400261C09 /* MyToast.swift in Sources */ = {isa = PBXBuildFile; fileRef = 7F9A6A932D66CD8400261C09 /* MyToast.swift */; };
		7F9A6ADF2D66CD8400261C09 /* AppSelector.swift in Sources */ = {isa = PBXBuildFile; fileRef = 7F9A6AAA2D66CD8400261C09 /* AppSelector.swift */; };
		7F9A6AE02D66CD8400261C09 /* MyImageUrl.swift in Sources */ = {isa = PBXBuildFile; fileRef = 7F9A6A832D66CD8400261C09 /* MyImageUrl.swift */; };
		7F9A6AE12D66CD8400261C09 /* MyPackageButton.swift in Sources */ = {isa = PBXBuildFile; fileRef = 7F9A6A792D66CD8400261C09 /* MyPackageButton.swift */; };
		7F9A6AE22D66CD8400261C09 /* MyImage.swift in Sources */ = {isa = PBXBuildFile; fileRef = 7F9A6A822D66CD8400261C09 /* MyImage.swift */; };
		7F9A6AE32D66CD8400261C09 /* UserDefaultsKey.swift in Sources */ = {isa = PBXBuildFile; fileRef = 7F9A6A962D66CD8400261C09 /* UserDefaultsKey.swift */; };
		7F9A6AE42D66CD8400261C09 /* MyPackageSwitch.swift in Sources */ = {isa = PBXBuildFile; fileRef = 7F9A6A7C2D66CD8400261C09 /* MyPackageSwitch.swift */; };
		7F9A6AE52D66CD8400261C09 /* MyDatePicker.swift in Sources */ = {isa = PBXBuildFile; fileRef = 7F9A6A892D66CD8400261C09 /* MyDatePicker.swift */; };
		7F9A6AE62D66CD8400261C09 /* MyStack.swift in Sources */ = {isa = PBXBuildFile; fileRef = 7F9A6A912D66CD8400261C09 /* MyStack.swift */; };
		7F9A6AE72D66CD8400261C09 /* MyTextField.swift in Sources */ = {isa = PBXBuildFile; fileRef = 7F9A6A8F2D66CD8400261C09 /* MyTextField.swift */; };
		7F9A6AE82D66CD8400261C09 /* NationalItem.swift in Sources */ = {isa = PBXBuildFile; fileRef = 7F9A6AB32D66CD8400261C09 /* NationalItem.swift */; };
		7F9A6AE92D66CD8400261C09 /* LanguageSelector.swift in Sources */ = {isa = PBXBuildFile; fileRef = 7F9A6AAC2D66CD8400261C09 /* LanguageSelector.swift */; };
		7F9A6AEA2D66CD8400261C09 /* AppDateSelector.swift in Sources */ = {isa = PBXBuildFile; fileRef = 7F9A6AAB2D66CD8400261C09 /* AppDateSelector.swift */; };
		7F9A6AEB2D66CD8400261C09 /* ViewController+.swift in Sources */ = {isa = PBXBuildFile; fileRef = 7F9A6AA02D66CD8400261C09 /* ViewController+.swift */; };
		7F9A6AEC2D66CD8400261C09 /* ApiRespone.swift in Sources */ = {isa = PBXBuildFile; fileRef = 7F9A6AAE2D66CD8400261C09 /* ApiRespone.swift */; };
		7F9A6AED2D66CD8400261C09 /* URLSession+.swift in Sources */ = {isa = PBXBuildFile; fileRef = 7F9A6A9E2D66CD8400261C09 /* URLSession+.swift */; };
		7F9A6AEE2D66CD8400261C09 /* MyImageButton.swift in Sources */ = {isa = PBXBuildFile; fileRef = 7F9A6A872D66CD8400261C09 /* MyImageButton.swift */; };
		7F9A6AEF2D66CD8400261C09 /* View+.swift in Sources */ = {isa = PBXBuildFile; fileRef = 7F9A6A9F2D66CD8400261C09 /* View+.swift */; };
		7F9A6AF02D66CD8400261C09 /* GoogleService-Info.plist in Resources */ = {isa = PBXBuildFile; fileRef = 7F9A6A752D66CD8400261C09 /* GoogleService-Info.plist */; };
		7F9A6B012D66CD8F00261C09 /* LoginScreen.swift in Sources */ = {isa = PBXBuildFile; fileRef = 7F9A6AF92D66CD8F00261C09 /* LoginScreen.swift */; };
		7F9A6B022D66CD8F00261C09 /* RegisterFieldUI.swift in Sources */ = {isa = PBXBuildFile; fileRef = 7F9A6AFD2D66CD8F00261C09 /* RegisterFieldUI.swift */; };
		7F9A6B032D66CD8F00261C09 /* LoginButtonUI.swift in Sources */ = {isa = PBXBuildFile; fileRef = 7F9A6AF72D66CD8F00261C09 /* LoginButtonUI.swift */; };
		7F9A6B042D66CD8F00261C09 /* HomeScreen.swift in Sources */ = {isa = PBXBuildFile; fileRef = 7F9A6AF22D66CD8F00261C09 /* HomeScreen.swift */; };
		7F9A6B052D66CD8F00261C09 /* RegisterScreen.swift in Sources */ = {isa = PBXBuildFile; fileRef = 7F9A6AFF2D66CD8F00261C09 /* RegisterScreen.swift */; };
		7F9A6B062D66CD8F00261C09 /* LoginFieldUI.swift in Sources */ = {isa = PBXBuildFile; fileRef = 7F9A6AF62D66CD8F00261C09 /* LoginFieldUI.swift */; };
		7F9A6B072D66CD8F00261C09 /* RegisterFieldType.swift in Sources */ = {isa = PBXBuildFile; fileRef = 7F9A6AFB2D66CD8F00261C09 /* RegisterFieldType.swift */; };
		7F9A6B082D66CD8F00261C09 /* LoginFieldType.swift in Sources */ = {isa = PBXBuildFile; fileRef = 7F9A6AF42D66CD8F00261C09 /* LoginFieldType.swift */; };
		7F9A6B0C2D66CFF700261C09 /* AddFoodScreen.swift in Sources */ = {isa = PBXBuildFile; fileRef = 7F9A6B0B2D66CFF700261C09 /* AddFoodScreen.swift */; };
		7FE20AEF2D6D4EA60099A96C /* RandomButtonUI.swift in Sources */ = {isa = PBXBuildFile; fileRef = 7FE20AEE2D6D4EA60099A96C /* RandomButtonUI.swift */; };
		7FE20AF52D6D944E0099A96C /* RandomUI.swift in Sources */ = {isa = PBXBuildFile; fileRef = 7FE20AF42D6D944E0099A96C /* RandomUI.swift */; };
		7FFF73322D6C3F050090E201 /* MyTabBarScreen.swift in Sources */ = {isa = PBXBuildFile; fileRef = 7FFF73312D6C3F050090E201 /* MyTabBarScreen.swift */; };
		7FFF73352D6C41D40090E201 /* AppTabBar.swift in Sources */ = {isa = PBXBuildFile; fileRef = 7FFF73342D6C41D40090E201 /* AppTabBar.swift */; };
		7FFF73372D6C428B0090E201 /* AppTabItem.swift in Sources */ = {isa = PBXBuildFile; fileRef = 7FFF73362D6C428B0090E201 /* AppTabItem.swift */; };
		7FFF733C2D6C43CE0090E201 /* TabBarType.swift in Sources */ = {isa = PBXBuildFile; fileRef = 7FFF733B2D6C43CE0090E201 /* TabBarType.swift */; };
		7FFF73412D6C52B40090E201 /* MapScreen.swift in Sources */ = {isa = PBXBuildFile; fileRef = 7FFF73402D6C52B40090E201 /* MapScreen.swift */; };
		7FFF73432D6C52F80090E201 /* SearchScreen.swift in Sources */ = {isa = PBXBuildFile; fileRef = 7FFF73422D6C52F80090E201 /* SearchScreen.swift */; };
		7FFF73452D6C53300090E201 /* RandomScreen.swift in Sources */ = {isa = PBXBuildFile; fileRef = 7FFF73442D6C53300090E201 /* RandomScreen.swift */; };
		B5B0FA056EF44DD24C80DC4A /* Pods_MyFoodList.framework in Frameworks */ = {isa = PBXBuildFile; fileRef = 144461F49635E2F032B0EED8 /* Pods_MyFoodList.framework */; };
/* End PBXBuildFile section */

/* Begin PBXFileReference section */
		144461F49635E2F032B0EED8 /* Pods_MyFoodList.framework */ = {isa = PBXFileReference; explicitFileType = wrapper.framework; includeInIndex = 0; path = Pods_MyFoodList.framework; sourceTree = BUILT_PRODUCTS_DIR; };
		3B3DAA1961436AC05C472C8F /* Pods-MyFoodList.debug.xcconfig */ = {isa = PBXFileReference; includeInIndex = 1; lastKnownFileType = text.xcconfig; name = "Pods-MyFoodList.debug.xcconfig"; path = "Target Support Files/Pods-MyFoodList/Pods-MyFoodList.debug.xcconfig"; sourceTree = "<group>"; };
		65800DCE01194132BFE1080B /* Pods-MyFoodList.release.xcconfig */ = {isa = PBXFileReference; includeInIndex = 1; lastKnownFileType = text.xcconfig; name = "Pods-MyFoodList.release.xcconfig"; path = "Target Support Files/Pods-MyFoodList/Pods-MyFoodList.release.xcconfig"; sourceTree = "<group>"; };
		7F9A6A462D66CB8200261C09 /* MyFoodList.app */ = {isa = PBXFileReference; explicitFileType = wrapper.application; includeInIndex = 0; path = MyFoodList.app; sourceTree = BUILT_PRODUCTS_DIR; };
		7F9A6A612D66CB8700261C09 /* AppDelegate.swift */ = {isa = PBXFileReference; lastKnownFileType = sourcecode.swift; path = AppDelegate.swift; sourceTree = "<group>"; };
		7F9A6A622D66CB8700261C09 /* Assets.xcassets */ = {isa = PBXFileReference; lastKnownFileType = folder.assetcatalog; path = Assets.xcassets; sourceTree = "<group>"; };
		7F9A6A632D66CB8700261C09 /* Info.plist */ = {isa = PBXFileReference; lastKnownFileType = text.plist.xml; path = Info.plist; sourceTree = "<group>"; };
		7F9A6A642D66CB8700261C09 /* Base */ = {isa = PBXFileReference; lastKnownFileType = file.storyboard; name = Base; path = Base.lproj/LaunchScreen.storyboard; sourceTree = "<group>"; };
		7F9A6A662D66CB8700261C09 /* Base */ = {isa = PBXFileReference; lastKnownFileType = file.storyboard; name = Base; path = Base.lproj/Main.storyboard; sourceTree = "<group>"; };
		7F9A6A692D66CB8700261C09 /* SceneDelegate.swift */ = {isa = PBXFileReference; lastKnownFileType = sourcecode.swift; path = SceneDelegate.swift; sourceTree = "<group>"; };
		7F9A6A6A2D66CB8700261C09 /* ViewController.swift */ = {isa = PBXFileReference; lastKnownFileType = sourcecode.swift; path = ViewController.swift; sourceTree = "<group>"; };
		7F9A6A6C2D66CB8700261C09 /* MyFoodList.xcdatamodel */ = {isa = PBXFileReference; lastKnownFileType = wrapper.xcdatamodel; path = MyFoodList.xcdatamodel; sourceTree = "<group>"; };
		7F9A6A752D66CD8400261C09 /* GoogleService-Info.plist */ = {isa = PBXFileReference; lastKnownFileType = text.plist.xml; path = "GoogleService-Info.plist"; sourceTree = "<group>"; };
		7F9A6A762D66CD8400261C09 /* MyViewController.swift */ = {isa = PBXFileReference; lastKnownFileType = sourcecode.swift; path = MyViewController.swift; sourceTree = "<group>"; };
		7F9A6A772D66CD8400261C09 /* MyView.swift */ = {isa = PBXFileReference; lastKnownFileType = sourcecode.swift; path = MyView.swift; sourceTree = "<group>"; };
		7F9A6A782D66CD8400261C09 /* MySpacer.swift */ = {isa = PBXFileReference; lastKnownFileType = sourcecode.swift; path = MySpacer.swift; sourceTree = "<group>"; };
		7F9A6A792D66CD8400261C09 /* MyPackageButton.swift */ = {isa = PBXFileReference; lastKnownFileType = sourcecode.swift; path = MyPackageButton.swift; sourceTree = "<group>"; };
		7F9A6A7A2D66CD8400261C09 /* MyPackageImage.swift */ = {isa = PBXFileReference; lastKnownFileType = sourcecode.swift; path = MyPackageImage.swift; sourceTree = "<group>"; };
		7F9A6A7B2D66CD8400261C09 /* MyDivider.swift */ = {isa = PBXFileReference; lastKnownFileType = sourcecode.swift; path = MyDivider.swift; sourceTree = "<group>"; };
		7F9A6A7C2D66CD8400261C09 /* MyPackageSwitch.swift */ = {isa = PBXFileReference; lastKnownFileType = sourcecode.swift; path = MyPackageSwitch.swift; sourceTree = "<group>"; };
		7F9A6A7D2D66CD8400261C09 /* MyPackageControl.swift */ = {isa = PBXFileReference; lastKnownFileType = sourcecode.swift; path = MyPackageControl.swift; sourceTree = "<group>"; };
		7F9A6A7F2D66CD8400261C09 /* MyLabel.swift */ = {isa = PBXFileReference; lastKnownFileType = sourcecode.swift; path = MyLabel.swift; sourceTree = "<group>"; };
		7F9A6A802D66CD8400261C09 /* MyLinkLabel.swift */ = {isa = PBXFileReference; lastKnownFileType = sourcecode.swift; path = MyLinkLabel.swift; sourceTree = "<group>"; };
		7F9A6A822D66CD8400261C09 /* MyImage.swift */ = {isa = PBXFileReference; lastKnownFileType = sourcecode.swift; path = MyImage.swift; sourceTree = "<group>"; };
		7F9A6A832D66CD8400261C09 /* MyImageUrl.swift */ = {isa = PBXFileReference; lastKnownFileType = sourcecode.swift; path = MyImageUrl.swift; sourceTree = "<group>"; };
		7F9A6A842D66CD8400261C09 /* MySymbol.swift */ = {isa = PBXFileReference; lastKnownFileType = sourcecode.swift; path = MySymbol.swift; sourceTree = "<group>"; };
		7F9A6A862D66CD8400261C09 /* MyButton.swift */ = {isa = PBXFileReference; lastKnownFileType = sourcecode.swift; path = MyButton.swift; sourceTree = "<group>"; };
		7F9A6A872D66CD8400261C09 /* MyImageButton.swift */ = {isa = PBXFileReference; lastKnownFileType = sourcecode.swift; path = MyImageButton.swift; sourceTree = "<group>"; };
		7F9A6A892D66CD8400261C09 /* MyDatePicker.swift */ = {isa = PBXFileReference; lastKnownFileType = sourcecode.swift; path = MyDatePicker.swift; sourceTree = "<group>"; };
		7F9A6A8A2D66CD8400261C09 /* MyDatePickerDelegate.swift */ = {isa = PBXFileReference; lastKnownFileType = sourcecode.swift; path = MyDatePickerDelegate.swift; sourceTree = "<group>"; };
		7F9A6A8C2D66CD8400261C09 /* MyMessage.swift */ = {isa = PBXFileReference; lastKnownFileType = sourcecode.swift; path = MyMessage.swift; sourceTree = "<group>"; };
		7F9A6A8D2D66CD8400261C09 /* MyMessageDelegate.swift */ = {isa = PBXFileReference; lastKnownFileType = sourcecode.swift; path = MyMessageDelegate.swift; sourceTree = "<group>"; };
		7F9A6A8F2D66CD8400261C09 /* MyTextField.swift */ = {isa = PBXFileReference; lastKnownFileType = sourcecode.swift; path = MyTextField.swift; sourceTree = "<group>"; };
		7F9A6A902D66CD8400261C09 /* MyText.swift */ = {isa = PBXFileReference; lastKnownFileType = sourcecode.swift; path = MyText.swift; sourceTree = "<group>"; };
		7F9A6A912D66CD8400261C09 /* MyStack.swift */ = {isa = PBXFileReference; lastKnownFileType = sourcecode.swift; path = MyStack.swift; sourceTree = "<group>"; };
		7F9A6A922D66CD8400261C09 /* MyLoading.swift */ = {isa = PBXFileReference; lastKnownFileType = sourcecode.swift; path = MyLoading.swift; sourceTree = "<group>"; };
		7F9A6A932D66CD8400261C09 /* MyToast.swift */ = {isa = PBXFileReference; lastKnownFileType = sourcecode.swift; path = MyToast.swift; sourceTree = "<group>"; };
		7F9A6A952D66CD8400261C09 /* SFSymbol.swift */ = {isa = PBXFileReference; lastKnownFileType = sourcecode.swift; path = SFSymbol.swift; sourceTree = "<group>"; };
		7F9A6A962D66CD8400261C09 /* UserDefaultsKey.swift */ = {isa = PBXFileReference; lastKnownFileType = sourcecode.swift; path = UserDefaultsKey.swift; sourceTree = "<group>"; };
		7F9A6A982D66CD8400261C09 /* Color+.swift */ = {isa = PBXFileReference; lastKnownFileType = sourcecode.swift; path = "Color+.swift"; sourceTree = "<group>"; };
		7F9A6A992D66CD8400261C09 /* Font+.swift */ = {isa = PBXFileReference; lastKnownFileType = sourcecode.swift; path = "Font+.swift"; sourceTree = "<group>"; };
		7F9A6A9A2D66CD8400261C09 /* Image+.swift */ = {isa = PBXFileReference; lastKnownFileType = sourcecode.swift; path = "Image+.swift"; sourceTree = "<group>"; };
		7F9A6A9B2D66CD8400261C09 /* TextField+.swift */ = {isa = PBXFileReference; lastKnownFileType = sourcecode.swift; path = "TextField+.swift"; sourceTree = "<group>"; };
		7F9A6A9C2D66CD8400261C09 /* URL+.swift */ = {isa = PBXFileReference; lastKnownFileType = sourcecode.swift; path = "URL+.swift"; sourceTree = "<group>"; };
		7F9A6A9D2D66CD8400261C09 /* URLCache+.swift */ = {isa = PBXFileReference; lastKnownFileType = sourcecode.swift; path = "URLCache+.swift"; sourceTree = "<group>"; };
		7F9A6A9E2D66CD8400261C09 /* URLSession+.swift */ = {isa = PBXFileReference; lastKnownFileType = sourcecode.swift; path = "URLSession+.swift"; sourceTree = "<group>"; };
		7F9A6A9F2D66CD8400261C09 /* View+.swift */ = {isa = PBXFileReference; lastKnownFileType = sourcecode.swift; path = "View+.swift"; sourceTree = "<group>"; };
		7F9A6AA02D66CD8400261C09 /* ViewController+.swift */ = {isa = PBXFileReference; lastKnownFileType = sourcecode.swift; path = "ViewController+.swift"; sourceTree = "<group>"; };
		7F9A6AA22D66CD8400261C09 /* APIManager.swift */ = {isa = PBXFileReference; lastKnownFileType = sourcecode.swift; path = APIManager.swift; sourceTree = "<group>"; };
		7F9A6AA32D66CD8400261C09 /* APIUrl.swift */ = {isa = PBXFileReference; lastKnownFileType = sourcecode.swift; path = APIUrl.swift; sourceTree = "<group>"; };
		7F9A6AA62D66CD8400261C09 /* PackageButton.swift */ = {isa = PBXFileReference; lastKnownFileType = sourcecode.swift; path = PackageButton.swift; sourceTree = "<group>"; };
		7F9A6AA82D66CD8400261C09 /* AppField.swift */ = {isa = PBXFileReference; lastKnownFileType = sourcecode.swift; path = AppField.swift; sourceTree = "<group>"; };
		7F9A6AA92D66CD8400261C09 /* AppPassword.swift */ = {isa = PBXFileReference; lastKnownFileType = sourcecode.swift; path = AppPassword.swift; sourceTree = "<group>"; };
		7F9A6AAA2D66CD8400261C09 /* AppSelector.swift */ = {isa = PBXFileReference; lastKnownFileType = sourcecode.swift; path = AppSelector.swift; sourceTree = "<group>"; };
		7F9A6AAB2D66CD8400261C09 /* AppDateSelector.swift */ = {isa = PBXFileReference; lastKnownFileType = sourcecode.swift; path = AppDateSelector.swift; sourceTree = "<group>"; };
		7F9A6AAC2D66CD8400261C09 /* LanguageSelector.swift */ = {isa = PBXFileReference; lastKnownFileType = sourcecode.swift; path = LanguageSelector.swift; sourceTree = "<group>"; };
		7F9A6AAE2D66CD8400261C09 /* ApiRespone.swift */ = {isa = PBXFileReference; lastKnownFileType = sourcecode.swift; path = ApiRespone.swift; sourceTree = "<group>"; };
		7F9A6AB02D66CD8400261C09 /* ImageNameItem.swift */ = {isa = PBXFileReference; lastKnownFileType = sourcecode.swift; path = ImageNameItem.swift; sourceTree = "<group>"; };
		7F9A6AB12D66CD8400261C09 /* SignatureView.swift */ = {isa = PBXFileReference; lastKnownFileType = sourcecode.swift; path = SignatureView.swift; sourceTree = "<group>"; };
		7F9A6AB32D66CD8400261C09 /* NationalItem.swift */ = {isa = PBXFileReference; lastKnownFileType = sourcecode.swift; path = NationalItem.swift; sourceTree = "<group>"; };
		7F9A6AB42D66CD8400261C09 /* SwitchLanguage.swift */ = {isa = PBXFileReference; lastKnownFileType = sourcecode.swift; path = SwitchLanguage.swift; sourceTree = "<group>"; };
		7F9A6AB52D66CD8400261C09 /* LanguageManager.swift */ = {isa = PBXFileReference; lastKnownFileType = sourcecode.swift; path = LanguageManager.swift; sourceTree = "<group>"; };
		7F9A6AB72D66CD8400261C09 /* WebViewURL.swift */ = {isa = PBXFileReference; lastKnownFileType = sourcecode.swift; path = WebViewURL.swift; sourceTree = "<group>"; };
		7F9A6AB92D66CD8400261C09 /* LocalizedStringKey.swift */ = {isa = PBXFileReference; lastKnownFileType = sourcecode.swift; path = LocalizedStringKey.swift; sourceTree = "<group>"; };
		7F9A6AF22D66CD8F00261C09 /* HomeScreen.swift */ = {isa = PBXFileReference; lastKnownFileType = sourcecode.swift; path = HomeScreen.swift; sourceTree = "<group>"; };
		7F9A6AF42D66CD8F00261C09 /* LoginFieldType.swift */ = {isa = PBXFileReference; lastKnownFileType = sourcecode.swift; path = LoginFieldType.swift; sourceTree = "<group>"; };
		7F9A6AF62D66CD8F00261C09 /* LoginFieldUI.swift */ = {isa = PBXFileReference; lastKnownFileType = sourcecode.swift; path = LoginFieldUI.swift; sourceTree = "<group>"; };
		7F9A6AF72D66CD8F00261C09 /* LoginButtonUI.swift */ = {isa = PBXFileReference; lastKnownFileType = sourcecode.swift; path = LoginButtonUI.swift; sourceTree = "<group>"; };
		7F9A6AF92D66CD8F00261C09 /* LoginScreen.swift */ = {isa = PBXFileReference; lastKnownFileType = sourcecode.swift; path = LoginScreen.swift; sourceTree = "<group>"; };
		7F9A6AFB2D66CD8F00261C09 /* RegisterFieldType.swift */ = {isa = PBXFileReference; lastKnownFileType = sourcecode.swift; path = RegisterFieldType.swift; sourceTree = "<group>"; };
		7F9A6AFD2D66CD8F00261C09 /* RegisterFieldUI.swift */ = {isa = PBXFileReference; lastKnownFileType = sourcecode.swift; path = RegisterFieldUI.swift; sourceTree = "<group>"; };
		7F9A6AFF2D66CD8F00261C09 /* RegisterScreen.swift */ = {isa = PBXFileReference; lastKnownFileType = sourcecode.swift; path = RegisterScreen.swift; sourceTree = "<group>"; };
		7F9A6B0B2D66CFF700261C09 /* AddFoodScreen.swift */ = {isa = PBXFileReference; lastKnownFileType = sourcecode.swift; path = AddFoodScreen.swift; sourceTree = "<group>"; };
		7FE20AEE2D6D4EA60099A96C /* RandomButtonUI.swift */ = {isa = PBXFileReference; lastKnownFileType = sourcecode.swift; path = RandomButtonUI.swift; sourceTree = "<group>"; };
		7FE20AF42D6D944E0099A96C /* RandomUI.swift */ = {isa = PBXFileReference; lastKnownFileType = sourcecode.swift; path = RandomUI.swift; sourceTree = "<group>"; };
		7FFF73312D6C3F050090E201 /* MyTabBarScreen.swift */ = {isa = PBXFileReference; lastKnownFileType = sourcecode.swift; path = MyTabBarScreen.swift; sourceTree = "<group>"; };
		7FFF73342D6C41D40090E201 /* AppTabBar.swift */ = {isa = PBXFileReference; lastKnownFileType = sourcecode.swift; path = AppTabBar.swift; sourceTree = "<group>"; };
		7FFF73362D6C428B0090E201 /* AppTabItem.swift */ = {isa = PBXFileReference; lastKnownFileType = sourcecode.swift; path = AppTabItem.swift; sourceTree = "<group>"; };
		7FFF733B2D6C43CE0090E201 /* TabBarType.swift */ = {isa = PBXFileReference; lastKnownFileType = sourcecode.swift; path = TabBarType.swift; sourceTree = "<group>"; };
		7FFF73402D6C52B40090E201 /* MapScreen.swift */ = {isa = PBXFileReference; lastKnownFileType = sourcecode.swift; path = MapScreen.swift; sourceTree = "<group>"; };
		7FFF73422D6C52F80090E201 /* SearchScreen.swift */ = {isa = PBXFileReference; lastKnownFileType = sourcecode.swift; path = SearchScreen.swift; sourceTree = "<group>"; };
		7FFF73442D6C53300090E201 /* RandomScreen.swift */ = {isa = PBXFileReference; lastKnownFileType = sourcecode.swift; path = RandomScreen.swift; sourceTree = "<group>"; };
/* End PBXFileReference section */

/* Begin PBXFrameworksBuildPhase section */
		7F9A6A432D66CB8200261C09 /* Frameworks */ = {
			isa = PBXFrameworksBuildPhase;
			buildActionMask = 2147483647;
			files = (
				B5B0FA056EF44DD24C80DC4A /* Pods_MyFoodList.framework in Frameworks */,
			);
			runOnlyForDeploymentPostprocessing = 0;
		};
/* End PBXFrameworksBuildPhase section */

/* Begin PBXGroup section */
		05FD599AE1DCB33E15AC405F /* Frameworks */ = {
			isa = PBXGroup;
			children = (
				144461F49635E2F032B0EED8 /* Pods_MyFoodList.framework */,
			);
			name = Frameworks;
			sourceTree = "<group>";
		};
		5D572EEE85F107BCB48A98E9 /* Pods */ = {
			isa = PBXGroup;
			children = (
				3B3DAA1961436AC05C472C8F /* Pods-MyFoodList.debug.xcconfig */,
				65800DCE01194132BFE1080B /* Pods-MyFoodList.release.xcconfig */,
			);
			path = Pods;
			sourceTree = "<group>";
		};
		7F9A6A3D2D66CB8200261C09 = {
			isa = PBXGroup;
			children = (
				7F9A6A6B2D66CB8700261C09 /* MyFoodList */,
				7F9A6A472D66CB8200261C09 /* Products */,
				5D572EEE85F107BCB48A98E9 /* Pods */,
				05FD599AE1DCB33E15AC405F /* Frameworks */,
			);
			sourceTree = "<group>";
		};
		7F9A6A472D66CB8200261C09 /* Products */ = {
			isa = PBXGroup;
			children = (
				7F9A6A462D66CB8200261C09 /* MyFoodList.app */,
			);
			name = Products;
			sourceTree = "<group>";
		};
		7F9A6A6B2D66CB8700261C09 /* MyFoodList */ = {
			isa = PBXGroup;
			children = (
				7F9A6A612D66CB8700261C09 /* AppDelegate.swift */,
				7F9A6A692D66CB8700261C09 /* SceneDelegate.swift */,
				7F9A6A6A2D66CB8700261C09 /* ViewController.swift */,
				7F9A6A752D66CD8400261C09 /* GoogleService-Info.plist */,
				7F9A6AA52D66CD8400261C09 /* MyTools */,
				7F9A6ABC2D66CD8400261C09 /* AppTools */,
				7F9A6A672D66CB8700261C09 /* Main.storyboard */,
				7F9A6AFA2D66CD8F00261C09 /* 登入 */,
				7F9A6B002D66CD8F00261C09 /* 註冊 */,
				7FFF73302D6C3EC20090E201 /* MyTabBar */,
				7F9A6AF32D66CD8F00261C09 /* 首頁 */,
				7FFF733D2D6C52580090E201 /* 附近美食 */,
				7F9A6B0A2D66CFD700261C09 /* 新增美食 */,
				7FFF733E2D6C526D0090E201 /* 搜尋美食 */,
				7FFF733F2D6C527E0090E201 /* 隨機美食 */,
				7F9A6A622D66CB8700261C09 /* Assets.xcassets */,
				7F9A6A632D66CB8700261C09 /* Info.plist */,
				7F9A6A652D66CB8700261C09 /* LaunchScreen.storyboard */,
				7F9A6A682D66CB8700261C09 /* MyFoodList.xcdatamodeld */,
			);
			path = MyFoodList;
			sourceTree = "<group>";
		};
		7F9A6A7E2D66CD8400261C09 /* View */ = {
			isa = PBXGroup;
			children = (
				7F9A6A772D66CD8400261C09 /* MyView.swift */,
				7F9A6A782D66CD8400261C09 /* MySpacer.swift */,
				7F9A6A792D66CD8400261C09 /* MyPackageButton.swift */,
				7F9A6A7A2D66CD8400261C09 /* MyPackageImage.swift */,
				7F9A6A7B2D66CD8400261C09 /* MyDivider.swift */,
				7F9A6A7C2D66CD8400261C09 /* MyPackageSwitch.swift */,
				7F9A6A7D2D66CD8400261C09 /* MyPackageControl.swift */,
			);
			path = View;
			sourceTree = "<group>";
		};
		7F9A6A812D66CD8400261C09 /* Label */ = {
			isa = PBXGroup;
			children = (
				7F9A6A7F2D66CD8400261C09 /* MyLabel.swift */,
				7F9A6A802D66CD8400261C09 /* MyLinkLabel.swift */,
			);
			path = Label;
			sourceTree = "<group>";
		};
		7F9A6A852D66CD8400261C09 /* Image */ = {
			isa = PBXGroup;
			children = (
				7F9A6A822D66CD8400261C09 /* MyImage.swift */,
				7F9A6A832D66CD8400261C09 /* MyImageUrl.swift */,
				7F9A6A842D66CD8400261C09 /* MySymbol.swift */,
			);
			path = Image;
			sourceTree = "<group>";
		};
		7F9A6A882D66CD8400261C09 /* Button */ = {
			isa = PBXGroup;
			children = (
				7F9A6A862D66CD8400261C09 /* MyButton.swift */,
				7F9A6A872D66CD8400261C09 /* MyImageButton.swift */,
			);
			path = Button;
			sourceTree = "<group>";
		};
		7F9A6A8B2D66CD8400261C09 /* DatePicker */ = {
			isa = PBXGroup;
			children = (
				7F9A6A892D66CD8400261C09 /* MyDatePicker.swift */,
				7F9A6A8A2D66CD8400261C09 /* MyDatePickerDelegate.swift */,
			);
			path = DatePicker;
			sourceTree = "<group>";
		};
		7F9A6A8E2D66CD8400261C09 /* MyMessage */ = {
			isa = PBXGroup;
			children = (
				7F9A6A8C2D66CD8400261C09 /* MyMessage.swift */,
				7F9A6A8D2D66CD8400261C09 /* MyMessageDelegate.swift */,
			);
			path = MyMessage;
			sourceTree = "<group>";
		};
		7F9A6A942D66CD8400261C09 /* MyUI */ = {
			isa = PBXGroup;
			children = (
				7F9A6A7E2D66CD8400261C09 /* View */,
				7F9A6A812D66CD8400261C09 /* Label */,
				7F9A6A852D66CD8400261C09 /* Image */,
				7F9A6A882D66CD8400261C09 /* Button */,
				7F9A6A8B2D66CD8400261C09 /* DatePicker */,
				7F9A6A8E2D66CD8400261C09 /* MyMessage */,
				7F9A6A8F2D66CD8400261C09 /* MyTextField.swift */,
				7F9A6A902D66CD8400261C09 /* MyText.swift */,
				7F9A6A912D66CD8400261C09 /* MyStack.swift */,
				7F9A6A922D66CD8400261C09 /* MyLoading.swift */,
				7F9A6A932D66CD8400261C09 /* MyToast.swift */,
			);
			path = MyUI;
			sourceTree = "<group>";
		};
		7F9A6A972D66CD8400261C09 /* Constant */ = {
			isa = PBXGroup;
			children = (
				7F9A6A952D66CD8400261C09 /* SFSymbol.swift */,
				7F9A6A962D66CD8400261C09 /* UserDefaultsKey.swift */,
			);
			path = Constant;
			sourceTree = "<group>";
		};
		7F9A6AA12D66CD8400261C09 /* Extension */ = {
			isa = PBXGroup;
			children = (
				7F9A6A982D66CD8400261C09 /* Color+.swift */,
				7F9A6A992D66CD8400261C09 /* Font+.swift */,
				7F9A6A9A2D66CD8400261C09 /* Image+.swift */,
				7F9A6A9B2D66CD8400261C09 /* TextField+.swift */,
				7F9A6A9C2D66CD8400261C09 /* URL+.swift */,
				7F9A6A9D2D66CD8400261C09 /* URLCache+.swift */,
				7F9A6A9E2D66CD8400261C09 /* URLSession+.swift */,
				7F9A6A9F2D66CD8400261C09 /* View+.swift */,
				7F9A6AA02D66CD8400261C09 /* ViewController+.swift */,
			);
			path = Extension;
			sourceTree = "<group>";
		};
		7F9A6AA42D66CD8400261C09 /* APIManager */ = {
			isa = PBXGroup;
			children = (
				7F9A6AA22D66CD8400261C09 /* APIManager.swift */,
				7F9A6AA32D66CD8400261C09 /* APIUrl.swift */,
			);
			path = APIManager;
			sourceTree = "<group>";
		};
		7F9A6AA52D66CD8400261C09 /* MyTools */ = {
			isa = PBXGroup;
			children = (
				7F9A6A762D66CD8400261C09 /* MyViewController.swift */,
				7F9A6A942D66CD8400261C09 /* MyUI */,
				7F9A6A972D66CD8400261C09 /* Constant */,
				7F9A6AA12D66CD8400261C09 /* Extension */,
				7F9A6AA42D66CD8400261C09 /* APIManager */,
			);
			path = MyTools;
			sourceTree = "<group>";
		};
		7F9A6AA72D66CD8400261C09 /* Button */ = {
			isa = PBXGroup;
			children = (
				7F9A6AA62D66CD8400261C09 /* PackageButton.swift */,
			);
			path = Button;
			sourceTree = "<group>";
		};
		7F9A6AAD2D66CD8400261C09 /* AppUI */ = {
			isa = PBXGroup;
			children = (
				7F9A6AA72D66CD8400261C09 /* Button */,
				7F9A6AA82D66CD8400261C09 /* AppField.swift */,
				7F9A6AA92D66CD8400261C09 /* AppPassword.swift */,
				7F9A6AAA2D66CD8400261C09 /* AppSelector.swift */,
				7F9A6AAB2D66CD8400261C09 /* AppDateSelector.swift */,
				7F9A6AAC2D66CD8400261C09 /* LanguageSelector.swift */,
			);
			path = AppUI;
			sourceTree = "<group>";
		};
		7F9A6AAF2D66CD8400261C09 /* AppRespone */ = {
			isa = PBXGroup;
			children = (
				7F9A6AAE2D66CD8400261C09 /* ApiRespone.swift */,
			);
			path = AppRespone;
			sourceTree = "<group>";
		};
		7F9A6AB22D66CD8400261C09 /* Signature */ = {
			isa = PBXGroup;
			children = (
				7F9A6AB12D66CD8400261C09 /* SignatureView.swift */,
			);
			path = Signature;
			sourceTree = "<group>";
		};
		7F9A6AB62D66CD8400261C09 /* Language */ = {
			isa = PBXGroup;
			children = (
				7F9A6AB32D66CD8400261C09 /* NationalItem.swift */,
				7F9A6AB42D66CD8400261C09 /* SwitchLanguage.swift */,
				7F9A6AB52D66CD8400261C09 /* LanguageManager.swift */,
			);
			path = Language;
			sourceTree = "<group>";
		};
		7F9A6AB82D66CD8400261C09 /* WebView */ = {
			isa = PBXGroup;
			children = (
				7F9A6AB72D66CD8400261C09 /* WebViewURL.swift */,
			);
			path = WebView;
			sourceTree = "<group>";
		};
		7F9A6ABA2D66CD8400261C09 /* LocalizedKey */ = {
			isa = PBXGroup;
			children = (
				7F9A6AB92D66CD8400261C09 /* LocalizedStringKey.swift */,
			);
			path = LocalizedKey;
			sourceTree = "<group>";
		};
		7F9A6ABB2D66CD8400261C09 /* AppConstant */ = {
			isa = PBXGroup;
			children = (
				7F9A6AB02D66CD8400261C09 /* ImageNameItem.swift */,
				7F9A6AB22D66CD8400261C09 /* Signature */,
				7F9A6AB62D66CD8400261C09 /* Language */,
				7F9A6AB82D66CD8400261C09 /* WebView */,
				7F9A6ABA2D66CD8400261C09 /* LocalizedKey */,
			);
			path = AppConstant;
			sourceTree = "<group>";
		};
		7F9A6ABC2D66CD8400261C09 /* AppTools */ = {
			isa = PBXGroup;
			children = (
				7F9A6AAD2D66CD8400261C09 /* AppUI */,
				7F9A6AAF2D66CD8400261C09 /* AppRespone */,
				7F9A6ABB2D66CD8400261C09 /* AppConstant */,
			);
			path = AppTools;
			sourceTree = "<group>";
		};
		7F9A6AF12D66CD8F00261C09 /* UI */ = {
			isa = PBXGroup;
			children = (
			);
			path = UI;
			sourceTree = "<group>";
		};
		7F9A6AF32D66CD8F00261C09 /* 首頁 */ = {
			isa = PBXGroup;
			children = (
				7F9A6AF12D66CD8F00261C09 /* UI */,
				7F9A6AF22D66CD8F00261C09 /* HomeScreen.swift */,
			);
			path = "首頁";
			sourceTree = "<group>";
		};
		7F9A6AF52D66CD8F00261C09 /* Model */ = {
			isa = PBXGroup;
			children = (
				7F9A6AF42D66CD8F00261C09 /* LoginFieldType.swift */,
			);
			path = Model;
			sourceTree = "<group>";
		};
		7F9A6AF82D66CD8F00261C09 /* UI */ = {
			isa = PBXGroup;
			children = (
				7F9A6AF62D66CD8F00261C09 /* LoginFieldUI.swift */,
				7F9A6AF72D66CD8F00261C09 /* LoginButtonUI.swift */,
			);
			path = UI;
			sourceTree = "<group>";
		};
		7F9A6AFA2D66CD8F00261C09 /* 登入 */ = {
			isa = PBXGroup;
			children = (
				7F9A6AF52D66CD8F00261C09 /* Model */,
				7F9A6AF82D66CD8F00261C09 /* UI */,
				7F9A6AF92D66CD8F00261C09 /* LoginScreen.swift */,
			);
			path = "登入";
			sourceTree = "<group>";
		};
		7F9A6AFC2D66CD8F00261C09 /* Model */ = {
			isa = PBXGroup;
			children = (
				7F9A6AFB2D66CD8F00261C09 /* RegisterFieldType.swift */,
			);
			path = Model;
			sourceTree = "<group>";
		};
		7F9A6AFE2D66CD8F00261C09 /* UI */ = {
			isa = PBXGroup;
			children = (
				7F9A6AFD2D66CD8F00261C09 /* RegisterFieldUI.swift */,
			);
			path = UI;
			sourceTree = "<group>";
		};
		7F9A6B002D66CD8F00261C09 /* 註冊 */ = {
			isa = PBXGroup;
			children = (
				7F9A6AFC2D66CD8F00261C09 /* Model */,
				7F9A6AFE2D66CD8F00261C09 /* UI */,
				7F9A6AFF2D66CD8F00261C09 /* RegisterScreen.swift */,
			);
			path = "註冊";
			sourceTree = "<group>";
		};
		7F9A6B0A2D66CFD700261C09 /* 新增美食 */ = {
			isa = PBXGroup;
			children = (
				7F9A6B0B2D66CFF700261C09 /* AddFoodScreen.swift */,
			);
			path = "新增美食";
			sourceTree = "<group>";
		};
		7FE20AED2D6D4E7D0099A96C /* UI */ = {
			isa = PBXGroup;
			children = (
				7FE20AEE2D6D4EA60099A96C /* RandomButtonUI.swift */,
				7FE20AF42D6D944E0099A96C /* RandomUI.swift */,
			);
			path = UI;
			sourceTree = "<group>";
		};
		7FFF73302D6C3EC20090E201 /* MyTabBar */ = {
			isa = PBXGroup;
			children = (
				7FFF733A2D6C43C30090E201 /* Model */,
				7FFF73332D6C41BF0090E201 /* UI */,
				7FFF73312D6C3F050090E201 /* MyTabBarScreen.swift */,
			);
			path = MyTabBar;
			sourceTree = "<group>";
		};
		7FFF73332D6C41BF0090E201 /* UI */ = {
			isa = PBXGroup;
			children = (
				7FFF73342D6C41D40090E201 /* AppTabBar.swift */,
				7FFF73362D6C428B0090E201 /* AppTabItem.swift */,
			);
			path = UI;
			sourceTree = "<group>";
		};
		7FFF733A2D6C43C30090E201 /* Model */ = {
			isa = PBXGroup;
			children = (
				7FFF733B2D6C43CE0090E201 /* TabBarType.swift */,
			);
			path = Model;
			sourceTree = "<group>";
		};
		7FFF733D2D6C52580090E201 /* 附近美食 */ = {
			isa = PBXGroup;
			children = (
				7FFF73402D6C52B40090E201 /* MapScreen.swift */,
			);
			path = "附近美食";
			sourceTree = "<group>";
		};
		7FFF733E2D6C526D0090E201 /* 搜尋美食 */ = {
			isa = PBXGroup;
			children = (
				7FFF73422D6C52F80090E201 /* SearchScreen.swift */,
			);
			path = "搜尋美食";
			sourceTree = "<group>";
		};
		7FFF733F2D6C527E0090E201 /* 隨機美食 */ = {
			isa = PBXGroup;
			children = (
				7FE20AED2D6D4E7D0099A96C /* UI */,
				7FFF73442D6C53300090E201 /* RandomScreen.swift */,
			);
			path = "隨機美食";
			sourceTree = "<group>";
		};
/* End PBXGroup section */

/* Begin PBXNativeTarget section */
		7F9A6A452D66CB8200261C09 /* MyFoodList */ = {
			isa = PBXNativeTarget;
			buildConfigurationList = 7F9A6A5C2D66CB8300261C09 /* Build configuration list for PBXNativeTarget "MyFoodList" */;
			buildPhases = (
				C53E3363062FA33AD727FB2A /* [CP] Check Pods Manifest.lock */,
				7F9A6A422D66CB8200261C09 /* Sources */,
				7F9A6A432D66CB8200261C09 /* Frameworks */,
				7F9A6A442D66CB8200261C09 /* Resources */,
				B80E0EC217449E8E19AA208E /* [CP] Embed Pods Frameworks */,
				999D58E843041FE8CA23D076 /* [CP] Copy Pods Resources */,
			);
			buildRules = (
			);
			dependencies = (
			);
			name = MyFoodList;
			productName = MyFoodList;
			productReference = 7F9A6A462D66CB8200261C09 /* MyFoodList.app */;
			productType = "com.apple.product-type.application";
		};
/* End PBXNativeTarget section */

/* Begin PBXProject section */
		7F9A6A3E2D66CB8200261C09 /* Project object */ = {
			isa = PBXProject;
			attributes = {
				BuildIndependentTargetsInParallel = 1;
				LastSwiftUpdateCheck = 1620;
				LastUpgradeCheck = 1620;
				TargetAttributes = {
					7F9A6A452D66CB8200261C09 = {
						CreatedOnToolsVersion = 16.2;
					};
				};
			};
			buildConfigurationList = 7F9A6A412D66CB8200261C09 /* Build configuration list for PBXProject "MyFoodList" */;
			compatibilityVersion = "Xcode 14.0";
			developmentRegion = en;
			hasScannedForEncodings = 0;
			knownRegions = (
				en,
				Base,
			);
			mainGroup = 7F9A6A3D2D66CB8200261C09;
			productRefGroup = 7F9A6A472D66CB8200261C09 /* Products */;
			projectDirPath = "";
			projectRoot = "";
			targets = (
				7F9A6A452D66CB8200261C09 /* MyFoodList */,
			);
		};
/* End PBXProject section */

/* Begin PBXResourcesBuildPhase section */
		7F9A6A442D66CB8200261C09 /* Resources */ = {
			isa = PBXResourcesBuildPhase;
			buildActionMask = 2147483647;
			files = (
				7F9A6A712D66CB8700261C09 /* Assets.xcassets in Resources */,
				7F9A6AF02D66CD8400261C09 /* GoogleService-Info.plist in Resources */,
				7F9A6A732D66CB8700261C09 /* LaunchScreen.storyboard in Resources */,
				7F9A6A742D66CB8700261C09 /* Main.storyboard in Resources */,
			);
			runOnlyForDeploymentPostprocessing = 0;
		};
/* End PBXResourcesBuildPhase section */

/* Begin PBXShellScriptBuildPhase section */
		999D58E843041FE8CA23D076 /* [CP] Copy Pods Resources */ = {
			isa = PBXShellScriptBuildPhase;
			buildActionMask = 2147483647;
			files = (
			);
			inputFileListPaths = (
				"${PODS_ROOT}/Target Support Files/Pods-MyFoodList/Pods-MyFoodList-resources-${CONFIGURATION}-input-files.xcfilelist",
			);
			name = "[CP] Copy Pods Resources";
			outputFileListPaths = (
				"${PODS_ROOT}/Target Support Files/Pods-MyFoodList/Pods-MyFoodList-resources-${CONFIGURATION}-output-files.xcfilelist",
			);
			runOnlyForDeploymentPostprocessing = 0;
			shellPath = /bin/sh;
			shellScript = "\"${PODS_ROOT}/Target Support Files/Pods-MyFoodList/Pods-MyFoodList-resources.sh\"\n";
			showEnvVarsInLog = 0;
		};
		B80E0EC217449E8E19AA208E /* [CP] Embed Pods Frameworks */ = {
			isa = PBXShellScriptBuildPhase;
			buildActionMask = 2147483647;
			files = (
			);
			inputFileListPaths = (
				"${PODS_ROOT}/Target Support Files/Pods-MyFoodList/Pods-MyFoodList-frameworks-${CONFIGURATION}-input-files.xcfilelist",
			);
			name = "[CP] Embed Pods Frameworks";
			outputFileListPaths = (
				"${PODS_ROOT}/Target Support Files/Pods-MyFoodList/Pods-MyFoodList-frameworks-${CONFIGURATION}-output-files.xcfilelist",
			);
			runOnlyForDeploymentPostprocessing = 0;
			shellPath = /bin/sh;
			shellScript = "\"${PODS_ROOT}/Target Support Files/Pods-MyFoodList/Pods-MyFoodList-frameworks.sh\"\n";
			showEnvVarsInLog = 0;
		};
		C53E3363062FA33AD727FB2A /* [CP] Check Pods Manifest.lock */ = {
			isa = PBXShellScriptBuildPhase;
			buildActionMask = 2147483647;
			files = (
			);
			inputFileListPaths = (
			);
			inputPaths = (
				"${PODS_PODFILE_DIR_PATH}/Podfile.lock",
				"${PODS_ROOT}/Manifest.lock",
			);
			name = "[CP] Check Pods Manifest.lock";
			outputFileListPaths = (
			);
			outputPaths = (
				"$(DERIVED_FILE_DIR)/Pods-MyFoodList-checkManifestLockResult.txt",
			);
			runOnlyForDeploymentPostprocessing = 0;
			shellPath = /bin/sh;
			shellScript = "diff \"${PODS_PODFILE_DIR_PATH}/Podfile.lock\" \"${PODS_ROOT}/Manifest.lock\" > /dev/null\nif [ $? != 0 ] ; then\n    # print error to STDERR\n    echo \"error: The sandbox is not in sync with the Podfile.lock. Run 'pod install' or update your CocoaPods installation.\" >&2\n    exit 1\nfi\n# This output is used by Xcode 'outputs' to avoid re-running this script phase.\necho \"SUCCESS\" > \"${SCRIPT_OUTPUT_FILE_0}\"\n";
			showEnvVarsInLog = 0;
		};
/* End PBXShellScriptBuildPhase section */

/* Begin PBXSourcesBuildPhase section */
		7F9A6A422D66CB8200261C09 /* Sources */ = {
			isa = PBXSourcesBuildPhase;
			buildActionMask = 2147483647;
			files = (
				7F9A6A6D2D66CB8700261C09 /* AppDelegate.swift in Sources */,
				7FFF73352D6C41D40090E201 /* AppTabBar.swift in Sources */,
				7F9A6A6E2D66CB8700261C09 /* MyFoodList.xcdatamodeld in Sources */,
				7F9A6A6F2D66CB8700261C09 /* SceneDelegate.swift in Sources */,
				7F9A6A702D66CB8700261C09 /* ViewController.swift in Sources */,
				7FFF73372D6C428B0090E201 /* AppTabItem.swift in Sources */,
				7F9A6ABD2D66CD8400261C09 /* TextField+.swift in Sources */,
				7F9A6ABE2D66CD8400261C09 /* MyText.swift in Sources */,
				7F9A6ABF2D66CD8400261C09 /* Font+.swift in Sources */,
				7FFF733C2D6C43CE0090E201 /* TabBarType.swift in Sources */,
				7FE20AEF2D6D4EA60099A96C /* RandomButtonUI.swift in Sources */,
				7F9A6AC02D66CD8400261C09 /* MyMessage.swift in Sources */,
				7F9A6AC12D66CD8400261C09 /* AppField.swift in Sources */,
				7F9A6AC22D66CD8400261C09 /* MyLinkLabel.swift in Sources */,
				7F9A6AC32D66CD8400261C09 /* LocalizedStringKey.swift in Sources */,
				7F9A6AC42D66CD8400261C09 /* MyViewController.swift in Sources */,
				7F9A6AC52D66CD8400261C09 /* SignatureView.swift in Sources */,
				7F9A6AC62D66CD8400261C09 /* MySymbol.swift in Sources */,
				7FFF73322D6C3F050090E201 /* MyTabBarScreen.swift in Sources */,
				7F9A6AC72D66CD8400261C09 /* ImageNameItem.swift in Sources */,
				7F9A6AC82D66CD8400261C09 /* SwitchLanguage.swift in Sources */,
				7F9A6AC92D66CD8400261C09 /* MyLabel.swift in Sources */,
				7F9A6ACA2D66CD8400261C09 /* Image+.swift in Sources */,
				7F9A6ACB2D66CD8400261C09 /* SFSymbol.swift in Sources */,
				7F9A6ACC2D66CD8400261C09 /* MySpacer.swift in Sources */,
				7F9A6ACD2D66CD8400261C09 /* URLCache+.swift in Sources */,
				7F9A6ACE2D66CD8400261C09 /* AppPassword.swift in Sources */,
				7F9A6ACF2D66CD8400261C09 /* Color+.swift in Sources */,
				7F9A6AD02D66CD8400261C09 /* MyButton.swift in Sources */,
				7F9A6AD12D66CD8400261C09 /* PackageButton.swift in Sources */,
				7F9A6AD22D66CD8400261C09 /* URL+.swift in Sources */,
				7F9A6AD32D66CD8400261C09 /* MyView.swift in Sources */,
				7FFF73432D6C52F80090E201 /* SearchScreen.swift in Sources */,
				7F9A6AD42D66CD8400261C09 /* MyPackageImage.swift in Sources */,
				7F9A6AD52D66CD8400261C09 /* APIUrl.swift in Sources */,
				7FFF73412D6C52B40090E201 /* MapScreen.swift in Sources */,
				7F9A6AD62D66CD8400261C09 /* MyDivider.swift in Sources */,
				7F9A6AD72D66CD8400261C09 /* MyLoading.swift in Sources */,
				7F9A6B0C2D66CFF700261C09 /* AddFoodScreen.swift in Sources */,
				7F9A6AD82D66CD8400261C09 /* LanguageManager.swift in Sources */,
				7F9A6AD92D66CD8400261C09 /* WebViewURL.swift in Sources */,
				7F9A6ADA2D66CD8400261C09 /* MyPackageControl.swift in Sources */,
				7F9A6ADB2D66CD8400261C09 /* MyMessageDelegate.swift in Sources */,
				7F9A6ADC2D66CD8400261C09 /* MyDatePickerDelegate.swift in Sources */,
				7F9A6ADD2D66CD8400261C09 /* APIManager.swift in Sources */,
				7F9A6ADE2D66CD8400261C09 /* MyToast.swift in Sources */,
				7F9A6ADF2D66CD8400261C09 /* AppSelector.swift in Sources */,
				7F9A6AE02D66CD8400261C09 /* MyImageUrl.swift in Sources */,
				7F9A6B012D66CD8F00261C09 /* LoginScreen.swift in Sources */,
				7F9A6B022D66CD8F00261C09 /* RegisterFieldUI.swift in Sources */,
				7F9A6B032D66CD8F00261C09 /* LoginButtonUI.swift in Sources */,
				7F9A6B042D66CD8F00261C09 /* HomeScreen.swift in Sources */,
				7F9A6B052D66CD8F00261C09 /* RegisterScreen.swift in Sources */,
				7F9A6B062D66CD8F00261C09 /* LoginFieldUI.swift in Sources */,
				7F9A6B072D66CD8F00261C09 /* RegisterFieldType.swift in Sources */,
				7F9A6B082D66CD8F00261C09 /* LoginFieldType.swift in Sources */,
				7F9A6AE12D66CD8400261C09 /* MyPackageButton.swift in Sources */,
				7FE20AF52D6D944E0099A96C /* RandomUI.swift in Sources */,
				7F9A6AE22D66CD8400261C09 /* MyImage.swift in Sources */,
				7F9A6AE32D66CD8400261C09 /* UserDefaultsKey.swift in Sources */,
				7F9A6AE42D66CD8400261C09 /* MyPackageSwitch.swift in Sources */,
				7F9A6AE52D66CD8400261C09 /* MyDatePicker.swift in Sources */,
				7FFF73452D6C53300090E201 /* RandomScreen.swift in Sources */,
				7F9A6AE62D66CD8400261C09 /* MyStack.swift in Sources */,
				7F9A6AE72D66CD8400261C09 /* MyTextField.swift in Sources */,
				7F9A6AE82D66CD8400261C09 /* NationalItem.swift in Sources */,
				7F9A6AE92D66CD8400261C09 /* LanguageSelector.swift in Sources */,
				7F9A6AEA2D66CD8400261C09 /* AppDateSelector.swift in Sources */,
				7F9A6AEB2D66CD8400261C09 /* ViewController+.swift in Sources */,
				7F9A6AEC2D66CD8400261C09 /* ApiRespone.swift in Sources */,
				7F9A6AED2D66CD8400261C09 /* URLSession+.swift in Sources */,
				7F9A6AEE2D66CD8400261C09 /* MyImageButton.swift in Sources */,
				7F9A6AEF2D66CD8400261C09 /* View+.swift in Sources */,
			);
			runOnlyForDeploymentPostprocessing = 0;
		};
/* End PBXSourcesBuildPhase section */

/* Begin PBXVariantGroup section */
		7F9A6A652D66CB8700261C09 /* LaunchScreen.storyboard */ = {
			isa = PBXVariantGroup;
			children = (
				7F9A6A642D66CB8700261C09 /* Base */,
			);
			name = LaunchScreen.storyboard;
			sourceTree = "<group>";
		};
		7F9A6A672D66CB8700261C09 /* Main.storyboard */ = {
			isa = PBXVariantGroup;
			children = (
				7F9A6A662D66CB8700261C09 /* Base */,
			);
			name = Main.storyboard;
			sourceTree = "<group>";
		};
/* End PBXVariantGroup section */

/* Begin XCBuildConfiguration section */
		7F9A6A5D2D66CB8300261C09 /* Debug */ = {
			isa = XCBuildConfiguration;
			baseConfigurationReference = 3B3DAA1961436AC05C472C8F /* Pods-MyFoodList.debug.xcconfig */;
			buildSettings = {
				ASSETCATALOG_COMPILER_APPICON_NAME = AppIcon;
				ASSETCATALOG_COMPILER_GLOBAL_ACCENT_COLOR_NAME = AccentColor;
				CODE_SIGN_STYLE = Automatic;
				CURRENT_PROJECT_VERSION = 1;
				DEVELOPMENT_TEAM = A4UN56F3VK;
				ENABLE_USER_SCRIPT_SANDBOXING = NO;
				GENERATE_INFOPLIST_FILE = YES;
				INFOPLIST_FILE = MyFoodList/Info.plist;
				INFOPLIST_KEY_CFBundleDisplayName = "我的美食清單";
				INFOPLIST_KEY_NSCameraUsageDescription = "需要通過此權限來訪問您的相機權限，以用於線上客服使用";
				INFOPLIST_KEY_NSFaceIDUsageDescription = "Face ID 權限";
				INFOPLIST_KEY_NSLocationAlwaysUsageDescription = "請允許此權限，已用於定位";
				INFOPLIST_KEY_NSLocationWhenInUseUsageDescription = "請允許此權限，已用於定位";
				INFOPLIST_KEY_NSPhotoLibraryUsageDescription = "需要通過此權限來訪問您的相簿權限，以用於線上客服使用";
				INFOPLIST_KEY_UIApplicationSupportsIndirectInputEvents = YES;
				INFOPLIST_KEY_UILaunchStoryboardName = LaunchScreen;
				INFOPLIST_KEY_UIMainStoryboardFile = Main;
				INFOPLIST_KEY_UISupportedInterfaceOrientations = "UIInterfaceOrientationPortrait UIInterfaceOrientationPortraitUpsideDown";
				INFOPLIST_KEY_UISupportedInterfaceOrientations_iPad = "UIInterfaceOrientationLandscapeLeft UIInterfaceOrientationLandscapeRight UIInterfaceOrientationPortrait UIInterfaceOrientationPortraitUpsideDown";
				INFOPLIST_KEY_UIUserInterfaceStyle = Light;
				IPHONEOS_DEPLOYMENT_TARGET = 15.6;
				LD_RUNPATH_SEARCH_PATHS = (
					"$(inherited)",
					"@executable_path/Frameworks",
				);
				MARKETING_VERSION = 1.0;
				PRODUCT_BUNDLE_IDENTIFIER = com.zhan.MyFoodList;
				PRODUCT_NAME = "$(TARGET_NAME)";
				SUPPORTED_PLATFORMS = "iphoneos iphonesimulator";
				SUPPORTS_MACCATALYST = NO;
				SUPPORTS_MAC_DESIGNED_FOR_IPHONE_IPAD = NO;
				SUPPORTS_XR_DESIGNED_FOR_IPHONE_IPAD = NO;
				SWIFT_EMIT_LOC_STRINGS = YES;
				SWIFT_VERSION = 5.0;
				TARGETED_DEVICE_FAMILY = 1;
			};
			name = Debug;
		};
		7F9A6A5E2D66CB8300261C09 /* Release */ = {
			isa = XCBuildConfiguration;
			baseConfigurationReference = 65800DCE01194132BFE1080B /* Pods-MyFoodList.release.xcconfig */;
			buildSettings = {
				ASSETCATALOG_COMPILER_APPICON_NAME = AppIcon;
				ASSETCATALOG_COMPILER_GLOBAL_ACCENT_COLOR_NAME = AccentColor;
				CODE_SIGN_STYLE = Automatic;
				CURRENT_PROJECT_VERSION = 1;
				DEVELOPMENT_TEAM = A4UN56F3VK;
				ENABLE_USER_SCRIPT_SANDBOXING = NO;
				GENERATE_INFOPLIST_FILE = YES;
				INFOPLIST_FILE = MyFoodList/Info.plist;
				INFOPLIST_KEY_CFBundleDisplayName = "我的美食清單";
				INFOPLIST_KEY_NSCameraUsageDescription = "需要通過此權限來訪問您的相機權限，以用於線上客服使用";
				INFOPLIST_KEY_NSFaceIDUsageDescription = "Face ID 權限";
				INFOPLIST_KEY_NSLocationAlwaysUsageDescription = "請允許此權限，已用於定位";
				INFOPLIST_KEY_NSLocationWhenInUseUsageDescription = "請允許此權限，已用於定位";
				INFOPLIST_KEY_NSPhotoLibraryUsageDescription = "需要通過此權限來訪問您的相簿權限，以用於線上客服使用";
				INFOPLIST_KEY_UIApplicationSupportsIndirectInputEvents = YES;
				INFOPLIST_KEY_UILaunchStoryboardName = LaunchScreen;
				INFOPLIST_KEY_UIMainStoryboardFile = Main;
				INFOPLIST_KEY_UISupportedInterfaceOrientations = "UIInterfaceOrientationPortrait UIInterfaceOrientationPortraitUpsideDown";
				INFOPLIST_KEY_UISupportedInterfaceOrientations_iPad = "UIInterfaceOrientationLandscapeLeft UIInterfaceOrientationLandscapeRight UIInterfaceOrientationPortrait UIInterfaceOrientationPortraitUpsideDown";
				INFOPLIST_KEY_UIUserInterfaceStyle = Light;
				IPHONEOS_DEPLOYMENT_TARGET = 15.6;
				LD_RUNPATH_SEARCH_PATHS = (
					"$(inherited)",
					"@executable_path/Frameworks",
				);
				MARKETING_VERSION = 1.0;
				PRODUCT_BUNDLE_IDENTIFIER = com.zhan.MyFoodList;
				PRODUCT_NAME = "$(TARGET_NAME)";
				SUPPORTED_PLATFORMS = "iphoneos iphonesimulator";
				SUPPORTS_MACCATALYST = NO;
				SUPPORTS_MAC_DESIGNED_FOR_IPHONE_IPAD = NO;
				SUPPORTS_XR_DESIGNED_FOR_IPHONE_IPAD = NO;
				SWIFT_EMIT_LOC_STRINGS = YES;
				SWIFT_VERSION = 5.0;
				TARGETED_DEVICE_FAMILY = 1;
			};
			name = Release;
		};
		7F9A6A5F2D66CB8300261C09 /* Debug */ = {
			isa = XCBuildConfiguration;
			buildSettings = {
				ALWAYS_SEARCH_USER_PATHS = NO;
				ASSETCATALOG_COMPILER_GENERATE_SWIFT_ASSET_SYMBOL_EXTENSIONS = YES;
				CLANG_ANALYZER_NONNULL = YES;
				CLANG_ANALYZER_NUMBER_OBJECT_CONVERSION = YES_AGGRESSIVE;
				CLANG_CXX_LANGUAGE_STANDARD = "gnu++20";
				CLANG_ENABLE_MODULES = YES;
				CLANG_ENABLE_OBJC_ARC = YES;
				CLANG_ENABLE_OBJC_WEAK = YES;
				CLANG_WARN_BLOCK_CAPTURE_AUTORELEASING = YES;
				CLANG_WARN_BOOL_CONVERSION = YES;
				CLANG_WARN_COMMA = YES;
				CLANG_WARN_CONSTANT_CONVERSION = YES;
				CLANG_WARN_DEPRECATED_OBJC_IMPLEMENTATIONS = YES;
				CLANG_WARN_DIRECT_OBJC_ISA_USAGE = YES_ERROR;
				CLANG_WARN_DOCUMENTATION_COMMENTS = YES;
				CLANG_WARN_EMPTY_BODY = YES;
				CLANG_WARN_ENUM_CONVERSION = YES;
				CLANG_WARN_INFINITE_RECURSION = YES;
				CLANG_WARN_INT_CONVERSION = YES;
				CLANG_WARN_NON_LITERAL_NULL_CONVERSION = YES;
				CLANG_WARN_OBJC_IMPLICIT_RETAIN_SELF = YES;
				CLANG_WARN_OBJC_LITERAL_CONVERSION = YES;
				CLANG_WARN_OBJC_ROOT_CLASS = YES_ERROR;
				CLANG_WARN_QUOTED_INCLUDE_IN_FRAMEWORK_HEADER = YES;
				CLANG_WARN_RANGE_LOOP_ANALYSIS = YES;
				CLANG_WARN_STRICT_PROTOTYPES = YES;
				CLANG_WARN_SUSPICIOUS_MOVE = YES;
				CLANG_WARN_UNGUARDED_AVAILABILITY = YES_AGGRESSIVE;
				CLANG_WARN_UNREACHABLE_CODE = YES;
				CLANG_WARN__DUPLICATE_METHOD_MATCH = YES;
				COPY_PHASE_STRIP = NO;
				DEBUG_INFORMATION_FORMAT = dwarf;
				ENABLE_STRICT_OBJC_MSGSEND = YES;
				ENABLE_TESTABILITY = YES;
				ENABLE_USER_SCRIPT_SANDBOXING = YES;
				GCC_C_LANGUAGE_STANDARD = gnu17;
				GCC_DYNAMIC_NO_PIC = NO;
				GCC_NO_COMMON_BLOCKS = YES;
				GCC_OPTIMIZATION_LEVEL = 0;
				GCC_PREPROCESSOR_DEFINITIONS = (
					"DEBUG=1",
					"$(inherited)",
				);
				GCC_WARN_64_TO_32_BIT_CONVERSION = YES;
				GCC_WARN_ABOUT_RETURN_TYPE = YES_ERROR;
				GCC_WARN_UNDECLARED_SELECTOR = YES;
				GCC_WARN_UNINITIALIZED_AUTOS = YES_AGGRESSIVE;
				GCC_WARN_UNUSED_FUNCTION = YES;
				GCC_WARN_UNUSED_VARIABLE = YES;
				IPHONEOS_DEPLOYMENT_TARGET = 18.2;
				LOCALIZATION_PREFERS_STRING_CATALOGS = YES;
				MTL_ENABLE_DEBUG_INFO = INCLUDE_SOURCE;
				MTL_FAST_MATH = YES;
				ONLY_ACTIVE_ARCH = YES;
				SDKROOT = iphoneos;
				SWIFT_ACTIVE_COMPILATION_CONDITIONS = "DEBUG $(inherited)";
				SWIFT_OPTIMIZATION_LEVEL = "-Onone";
			};
			name = Debug;
		};
		7F9A6A602D66CB8300261C09 /* Release */ = {
			isa = XCBuildConfiguration;
			buildSettings = {
				ALWAYS_SEARCH_USER_PATHS = NO;
				ASSETCATALOG_COMPILER_GENERATE_SWIFT_ASSET_SYMBOL_EXTENSIONS = YES;
				CLANG_ANALYZER_NONNULL = YES;
				CLANG_ANALYZER_NUMBER_OBJECT_CONVERSION = YES_AGGRESSIVE;
				CLANG_CXX_LANGUAGE_STANDARD = "gnu++20";
				CLANG_ENABLE_MODULES = YES;
				CLANG_ENABLE_OBJC_ARC = YES;
				CLANG_ENABLE_OBJC_WEAK = YES;
				CLANG_WARN_BLOCK_CAPTURE_AUTORELEASING = YES;
				CLANG_WARN_BOOL_CONVERSION = YES;
				CLANG_WARN_COMMA = YES;
				CLANG_WARN_CONSTANT_CONVERSION = YES;
				CLANG_WARN_DEPRECATED_OBJC_IMPLEMENTATIONS = YES;
				CLANG_WARN_DIRECT_OBJC_ISA_USAGE = YES_ERROR;
				CLANG_WARN_DOCUMENTATION_COMMENTS = YES;
				CLANG_WARN_EMPTY_BODY = YES;
				CLANG_WARN_ENUM_CONVERSION = YES;
				CLANG_WARN_INFINITE_RECURSION = YES;
				CLANG_WARN_INT_CONVERSION = YES;
				CLANG_WARN_NON_LITERAL_NULL_CONVERSION = YES;
				CLANG_WARN_OBJC_IMPLICIT_RETAIN_SELF = YES;
				CLANG_WARN_OBJC_LITERAL_CONVERSION = YES;
				CLANG_WARN_OBJC_ROOT_CLASS = YES_ERROR;
				CLANG_WARN_QUOTED_INCLUDE_IN_FRAMEWORK_HEADER = YES;
				CLANG_WARN_RANGE_LOOP_ANALYSIS = YES;
				CLANG_WARN_STRICT_PROTOTYPES = YES;
				CLANG_WARN_SUSPICIOUS_MOVE = YES;
				CLANG_WARN_UNGUARDED_AVAILABILITY = YES_AGGRESSIVE;
				CLANG_WARN_UNREACHABLE_CODE = YES;
				CLANG_WARN__DUPLICATE_METHOD_MATCH = YES;
				COPY_PHASE_STRIP = NO;
				DEBUG_INFORMATION_FORMAT = "dwarf-with-dsym";
				ENABLE_NS_ASSERTIONS = NO;
				ENABLE_STRICT_OBJC_MSGSEND = YES;
				ENABLE_USER_SCRIPT_SANDBOXING = YES;
				GCC_C_LANGUAGE_STANDARD = gnu17;
				GCC_NO_COMMON_BLOCKS = YES;
				GCC_WARN_64_TO_32_BIT_CONVERSION = YES;
				GCC_WARN_ABOUT_RETURN_TYPE = YES_ERROR;
				GCC_WARN_UNDECLARED_SELECTOR = YES;
				GCC_WARN_UNINITIALIZED_AUTOS = YES_AGGRESSIVE;
				GCC_WARN_UNUSED_FUNCTION = YES;
				GCC_WARN_UNUSED_VARIABLE = YES;
				IPHONEOS_DEPLOYMENT_TARGET = 18.2;
				LOCALIZATION_PREFERS_STRING_CATALOGS = YES;
				MTL_ENABLE_DEBUG_INFO = NO;
				MTL_FAST_MATH = YES;
				SDKROOT = iphoneos;
				SWIFT_COMPILATION_MODE = wholemodule;
				VALIDATE_PRODUCT = YES;
			};
			name = Release;
		};
/* End XCBuildConfiguration section */

/* Begin XCConfigurationList section */
		7F9A6A412D66CB8200261C09 /* Build configuration list for PBXProject "MyFoodList" */ = {
			isa = XCConfigurationList;
			buildConfigurations = (
				7F9A6A5F2D66CB8300261C09 /* Debug */,
				7F9A6A602D66CB8300261C09 /* Release */,
			);
			defaultConfigurationIsVisible = 0;
			defaultConfigurationName = Release;
		};
		7F9A6A5C2D66CB8300261C09 /* Build configuration list for PBXNativeTarget "MyFoodList" */ = {
			isa = XCConfigurationList;
			buildConfigurations = (
				7F9A6A5D2D66CB8300261C09 /* Debug */,
				7F9A6A5E2D66CB8300261C09 /* Release */,
			);
			defaultConfigurationIsVisible = 0;
			defaultConfigurationName = Release;
		};
/* End XCConfigurationList section */

/* Begin XCVersionGroup section */
		7F9A6A682D66CB8700261C09 /* MyFoodList.xcdatamodeld */ = {
			isa = XCVersionGroup;
			children = (
				7F9A6A6C2D66CB8700261C09 /* MyFoodList.xcdatamodel */,
			);
			currentVersion = 7F9A6A6C2D66CB8700261C09 /* MyFoodList.xcdatamodel */;
			path = MyFoodList.xcdatamodeld;
			sourceTree = "<group>";
			versionGroupType = wrapper.xcdatamodel;
		};
/* End XCVersionGroup section */
	};
	rootObject = 7F9A6A3E2D66CB8200261C09 /* Project object */;
}
